
Microsoft Visual Studio Solution File, Format Version 12.00
# Visual Studio 14
VisualStudioVersion = 14.0.25420.1
MinimumVisualStudioVersion = 10.0.40219.1
Project("{FAE04EC0-301F-11D3-BF4B-00C04F79EFBC}") = "SiNoMA.Domain", "SiNoMA.Domain\SiNoMA.Domain.csproj", "{1ED68168-F86B-43B3-B2EB-B2B8DE499548}"
EndProject
Project("{FAE04EC0-301F-11D3-BF4B-00C04F79EFBC}") = "SiNoMA.Infra", "SiNoMA.Infra\SiNoMA.Infra.csproj", "{F0E9BD9F-4783-403A-8755-076E032E7A95}"
EndProject
Global
	GlobalSection(SolutionConfigurationPlatforms) = preSolution
		Debug|Any CPU = Debug|Any CPU
		Release|Any CPU = Release|Any CPU
	EndGlobalSection
	GlobalSection(ProjectConfigurationPlatforms) = postSolution
		{1ED68168-F86B-43B3-B2EB-B2B8DE499548}.Debug|Any CPU.ActiveCfg = Debug|Any CPU
		{1ED68168-F86B-43B3-B2EB-B2B8DE499548}.Debug|Any CPU.Build.0 = Debug|Any CPU
		{1ED68168-F86B-43B3-B2EB-B2B8DE499548}.Release|Any CPU.ActiveCfg = Release|Any CPU
		{1ED68168-F86B-43B3-B2EB-B2B8DE499548}.Release|Any CPU.Build.0 = Release|Any CPU
		{F0E9BD9F-4783-403A-8755-076E032E7A95}.Debug|Any CPU.ActiveCfg = Debug|Any CPU
		{F0E9BD9F-4783-403A-8755-076E032E7A95}.Debug|Any CPU.Build.0 = Debug|Any CPU
		{F0E9BD9F-4783-403A-8755-076E032E7A95}.Release|Any CPU.ActiveCfg = Release|Any CPU
		{F0E9BD9F-4783-403A-8755-076E032E7A95}.Release|Any CPU.Build.0 = Release|Any CPU
	EndGlobalSection
	GlobalSection(SolutionProperties) = preSolution
		HideSolutionNode = FALSE
	EndGlobalSection
EndGlobal
